<?xml version="1.0" encoding="utf-8"?>
<Project ToolsVersion="4.0" xmlns="http://schemas.microsoft.com/developer/msbuild/2003">
  <ItemGroup>
    <Filter Include="nvse">
      <UniqueIdentifier>{92a4f350-f2ec-4fca-bdd3-927732d91b34}</UniqueIdentifier>
    </Filter>
    <Filter Include="shared">
      <UniqueIdentifier>{5f2e2b90-6b1a-4e2f-844c-985737a2ed60}</UniqueIdentifier>
    </Filter>
    <Filter Include="internal">
      <UniqueIdentifier>{9a54ca30-8220-4c4c-a3c7-d5b8c4d369bd}</UniqueIdentifier>
    </Filter>
    <Filter Include="internal\Game">
      <UniqueIdentifier>{4325098f-163c-45fc-ba23-5a25084cb1e1}</UniqueIdentifier>
    </Filter>
    <Filter Include="internal\Game\Bethesda">
      <UniqueIdentifier>{4f722a8c-b141-4938-86dc-6a0143e48237}</UniqueIdentifier>
    </Filter>
    <Filter Include="internal\Game\Gamebryo">
      <UniqueIdentifier>{00c5b949-7ef5-426d-90e4-baccb150ec69}</UniqueIdentifier>
    </Filter>
    <Filter Include="shared\Utils">
      <UniqueIdentifier>{60303c62-a699-4bbd-a875-ffe7e12f640b}</UniqueIdentifier>
    </Filter>
    <Filter Include="shared\SafeWrite">
      <UniqueIdentifier>{f374b619-8ac4-4b22-b3c2-5cc1c472474f}</UniqueIdentifier>
    </Filter>
  </ItemGroup>
  <ItemGroup>
    <ClCompile Include="main.cpp" />
    <ClCompile Include="internal\Game\Bethesda\BSMemory.cpp">
      <Filter>internal\Game\Bethesda</Filter>
    </ClCompile>
    <ClCompile Include="internal\Game\Bethesda\BSShader.cpp">
      <Filter>internal\Game\Bethesda</Filter>
    </ClCompile>
    <ClCompile Include="internal\Game\Bethesda\BSShaderManager.cpp">
      <Filter>internal\Game\Bethesda</Filter>
    </ClCompile>
    <ClCompile Include="internal\Game\Bethesda\BSShaderProperty.cpp">
      <Filter>internal\Game\Bethesda</Filter>
    </ClCompile>
    <ClCompile Include="internal\SubsurfaceScattering.cpp">
      <Filter>internal</Filter>
    </ClCompile>
    <ClCompile Include="..\shared\SafeWrite\SafeWrite.cpp">
      <Filter>shared\SafeWrite</Filter>
    </ClCompile>
    <ClCompile Include="internal\Game\Gamebryo\NiAdditionalGeometryData.cpp">
      <Filter>internal\Game\Gamebryo</Filter>
    </ClCompile>
    <ClCompile Include="internal\Game\Gamebryo\NiAVObject.cpp">
      <Filter>internal\Game\Gamebryo</Filter>
    </ClCompile>
    <ClCompile Include="internal\Game\Gamebryo\NiD3DShader.cpp">
      <Filter>internal\Game\Gamebryo</Filter>
    </ClCompile>
    <ClCompile Include="internal\Game\Gamebryo\NiD3DShaderInterface.cpp">
      <Filter>internal\Game\Gamebryo</Filter>
    </ClCompile>
    <ClCompile Include="internal\Game\Gamebryo\NiD3DTextureStage.cpp">
      <Filter>internal\Game\Gamebryo</Filter>
    </ClCompile>
    <ClCompile Include="internal\Game\Gamebryo\NiDX9Renderer.cpp">
      <Filter>internal\Game\Gamebryo</Filter>
    </ClCompile>
    <ClCompile Include="internal\Game\Gamebryo\NiFixedString.cpp">
      <Filter>internal\Game\Gamebryo</Filter>
    </ClCompile>
    <ClCompile Include="internal\Game\Gamebryo\NiGeometryData.cpp">
      <Filter>internal\Game\Gamebryo</Filter>
    </ClCompile>
    <ClCompile Include="internal\Game\Gamebryo\NiGlobalStringTable.cpp">
      <Filter>internal\Game\Gamebryo</Filter>
    </ClCompile>
    <ClCompile Include="internal\Game\Gamebryo\NiMatrix3.cpp">
      <Filter>internal\Game\Gamebryo</Filter>
    </ClCompile>
    <ClCompile Include="internal\Game\Gamebryo\NiMemManager.cpp">
      <Filter>internal\Game\Gamebryo</Filter>
    </ClCompile>
    <ClCompile Include="internal\Game\Gamebryo\NiMemObject.cpp">
      <Filter>internal\Game\Gamebryo</Filter>
    </ClCompile>
    <ClCompile Include="internal\Game\Gamebryo\NiMemory.cpp">
      <Filter>internal\Game\Gamebryo</Filter>
    </ClCompile>
    <ClCompile Include="internal\Game\Gamebryo\NiObject.cpp">
      <Filter>internal\Game\Gamebryo</Filter>
    </ClCompile>
    <ClCompile Include="internal\Game\Gamebryo\NiObjectNET.cpp">
      <Filter>internal\Game\Gamebryo</Filter>
    </ClCompile>
    <ClCompile Include="internal\Game\Gamebryo\NiPoint3.cpp">
      <Filter>internal\Game\Gamebryo</Filter>
    </ClCompile>
    <ClCompile Include="internal\Game\Gamebryo\NiPoint4.cpp">
      <Filter>internal\Game\Gamebryo</Filter>
    </ClCompile>
    <ClCompile Include="internal\Game\Gamebryo\NiRefObject.cpp">
      <Filter>internal\Game\Gamebryo</Filter>
    </ClCompile>
    <ClCompile Include="internal\Game\Gamebryo\NiTriBasedGeom.cpp">
      <Filter>internal\Game\Gamebryo</Filter>
    </ClCompile>
    <ClCompile Include="..\shared\Utils\DebugLog.cpp">
      <Filter>shared\Utils</Filter>
    </ClCompile>
    <ClCompile Include="internal\Game\Bethesda\SkinShader.cpp">
      <Filter>internal\Game\Bethesda</Filter>
    </ClCompile>
    <ClCompile Include="internal\Game\Gamebryo\NiDX9ShaderDeclaration.cpp">
      <Filter>internal\Game\Gamebryo</Filter>
    </ClCompile>
    <ClCompile Include="internal\Game\Bethesda\BSRenderedTexture.cpp">
      <Filter>internal\Game\Bethesda</Filter>
    </ClCompile>
  </ItemGroup>
  <ItemGroup>
    <ClInclude Include="..\nvse\nvse_version.h">
      <Filter>nvse</Filter>
    </ClInclude>
    <ClInclude Include="..\nvse\PluginAPI.h">
      <Filter>nvse</Filter>
    </ClInclude>
    <ClInclude Include="..\shared\Defines.hpp">
      <Filter>shared</Filter>
    </ClInclude>
    <ClInclude Include="internal\Game\Bethesda\BSMemObject.hpp">
      <Filter>internal\Game\Bethesda</Filter>
    </ClInclude>
    <ClInclude Include="internal\Game\Bethesda\BSMemory.hpp">
      <Filter>internal\Game\Bethesda</Filter>
    </ClInclude>
    <ClInclude Include="internal\Game\Bethesda\BSShader.hpp">
      <Filter>internal\Game\Bethesda</Filter>
    </ClInclude>
    <ClInclude Include="internal\Game\Bethesda\BSShaderLightingProperty.hpp">
      <Filter>internal\Game\Bethesda</Filter>
    </ClInclude>
    <ClInclude Include="internal\Game\Bethesda\BSShaderManager.hpp">
      <Filter>internal\Game\Bethesda</Filter>
    </ClInclude>
    <ClInclude Include="internal\Game\Bethesda\BSShaderPPLightingProperty.hpp">
      <Filter>internal\Game\Bethesda</Filter>
    </ClInclude>
    <ClInclude Include="internal\Game\Bethesda\BSShaderProperty.hpp">
      <Filter>internal\Game\Bethesda</Filter>
    </ClInclude>
    <ClInclude Include="internal\Game\Bethesda\BSSimpleArray.hpp">
      <Filter>internal\Game\Bethesda</Filter>
    </ClInclude>
    <ClInclude Include="internal\Game\Bethesda\ShaderBuffer.hpp">
      <Filter>internal\Game\Bethesda</Filter>
    </ClInclude>
    <ClInclude Include="internal\SubsurfaceScattering.hpp">
      <Filter>internal</Filter>
    </ClInclude>
    <ClInclude Include="internal\Game\Bethesda\BSRenderedTexture.hpp">
      <Filter>internal\Game\Bethesda</Filter>
    </ClInclude>
    <ClInclude Include="internal\Game\Bethesda\BSString.hpp">
      <Filter>internal\Game\Bethesda</Filter>
    </ClInclude>
    <ClInclude Include="..\shared\SafeWrite\SafeWrite.hpp">
      <Filter>shared\SafeWrite</Filter>
    </ClInclude>
    <ClInclude Include="..\shared\Utils\AddressPtr.hpp">
      <Filter>shared\Utils</Filter>
    </ClInclude>
    <ClInclude Include="..\shared\Utils\Bitfield.hpp">
      <Filter>shared\Utils</Filter>
    </ClInclude>
    <ClInclude Include="..\shared\Utils\DirectXHelpers.hpp">
      <Filter>shared\Utils</Filter>
    </ClInclude>
    <ClInclude Include="internal\Game\Gamebryo\Ni2DBuffer.hpp">
      <Filter>internal\Game\Gamebryo</Filter>
    </ClInclude>
    <ClInclude Include="internal\Game\Gamebryo\NiAccumulator.hpp">
      <Filter>internal\Game\Gamebryo</Filter>
    </ClInclude>
    <ClInclude Include="internal\Game\Gamebryo\NiAdditionalGeometryData.hpp">
      <Filter>internal\Game\Gamebryo</Filter>
    </ClInclude>
    <ClInclude Include="internal\Game\Gamebryo\NiAllocator.hpp">
      <Filter>internal\Game\Gamebryo</Filter>
    </ClInclude>
    <ClInclude Include="internal\Game\Gamebryo\NiAlphaAccumulator.hpp">
      <Filter>internal\Game\Gamebryo</Filter>
    </ClInclude>
    <ClInclude Include="internal\Game\Gamebryo\NiAlphaProperty.hpp">
      <Filter>internal\Game\Gamebryo</Filter>
    </ClInclude>
    <ClInclude Include="internal\Game\Gamebryo\NiAVObject.hpp">
      <Filter>internal\Game\Gamebryo</Filter>
    </ClInclude>
    <ClInclude Include="internal\Game\Gamebryo\NiAVObjectPalette.hpp">
      <Filter>internal\Game\Gamebryo</Filter>
    </ClInclude>
    <ClInclude Include="internal\Game\Gamebryo\NiBackToFrontAccumulator.hpp">
      <Filter>internal\Game\Gamebryo</Filter>
    </ClInclude>
    <ClInclude Include="internal\Game\Gamebryo\NiBinaryStream.hpp">
      <Filter>internal\Game\Gamebryo</Filter>
    </ClInclude>
    <ClInclude Include="internal\Game\Gamebryo\NiBound.hpp">
      <Filter>internal\Game\Gamebryo</Filter>
    </ClInclude>
    <ClInclude Include="internal\Game\Gamebryo\NiCamera.hpp">
      <Filter>internal\Game\Gamebryo</Filter>
    </ClInclude>
    <ClInclude Include="internal\Game\Gamebryo\NiCloningProcess.hpp">
      <Filter>internal\Game\Gamebryo</Filter>
    </ClInclude>
    <ClInclude Include="internal\Game\Gamebryo\NiCollisionObject.hpp">
      <Filter>internal\Game\Gamebryo</Filter>
    </ClInclude>
    <ClInclude Include="internal\Game\Gamebryo\NiColor.hpp">
      <Filter>internal\Game\Gamebryo</Filter>
    </ClInclude>
    <ClInclude Include="internal\Game\Gamebryo\NiColorA.hpp">
      <Filter>internal\Game\Gamebryo</Filter>
    </ClInclude>
    <ClInclude Include="internal\Game\Gamebryo\NiCriticalSection.hpp">
      <Filter>internal\Game\Gamebryo</Filter>
    </ClInclude>
    <ClInclude Include="internal\Game\Gamebryo\NiCullingProperty.hpp">
      <Filter>internal\Game\Gamebryo</Filter>
    </ClInclude>
    <ClInclude Include="internal\Game\Gamebryo\NiD3DDefaultShader.hpp">
      <Filter>internal\Game\Gamebryo</Filter>
    </ClInclude>
    <ClInclude Include="internal\Game\Gamebryo\NiD3DPass.hpp">
      <Filter>internal\Game\Gamebryo</Filter>
    </ClInclude>
    <ClInclude Include="internal\Game\Gamebryo\NiD3DPixelShader.hpp">
      <Filter>internal\Game\Gamebryo</Filter>
    </ClInclude>
    <ClInclude Include="internal\Game\Gamebryo\NiD3DRenderState.hpp">
      <Filter>internal\Game\Gamebryo</Filter>
    </ClInclude>
    <ClInclude Include="internal\Game\Gamebryo\NiD3DRenderStateGroup.hpp">
      <Filter>internal\Game\Gamebryo</Filter>
    </ClInclude>
    <ClInclude Include="internal\Game\Gamebryo\NiD3DRSEntry.hpp">
      <Filter>internal\Game\Gamebryo</Filter>
    </ClInclude>
    <ClInclude Include="internal\Game\Gamebryo\NiD3DShader.hpp">
      <Filter>internal\Game\Gamebryo</Filter>
    </ClInclude>
    <ClInclude Include="internal\Game\Gamebryo\NiD3DShaderConstantMap.hpp">
      <Filter>internal\Game\Gamebryo</Filter>
    </ClInclude>
    <ClInclude Include="internal\Game\Gamebryo\NiD3DShaderDeclaration.hpp">
      <Filter>internal\Game\Gamebryo</Filter>
    </ClInclude>
    <ClInclude Include="internal\Game\Gamebryo\NiD3DShaderInterface.hpp">
      <Filter>internal\Game\Gamebryo</Filter>
    </ClInclude>
    <ClInclude Include="internal\Game\Gamebryo\NiD3DShaderLibraryVersion.hpp">
      <Filter>internal\Game\Gamebryo</Filter>
    </ClInclude>
    <ClInclude Include="internal\Game\Gamebryo\NiD3DShaderProgram.hpp">
      <Filter>internal\Game\Gamebryo</Filter>
    </ClInclude>
    <ClInclude Include="internal\Game\Gamebryo\NiD3DTextureStage.hpp">
      <Filter>internal\Game\Gamebryo</Filter>
    </ClInclude>
    <ClInclude Include="internal\Game\Gamebryo\NiD3DTextureStageGroup.hpp">
      <Filter>internal\Game\Gamebryo</Filter>
    </ClInclude>
    <ClInclude Include="internal\Game\Gamebryo\NiD3DVertexShader.hpp">
      <Filter>internal\Game\Gamebryo</Filter>
    </ClInclude>
    <ClInclude Include="internal\Game\Gamebryo\NiDepthStencilBuffer.hpp">
      <Filter>internal\Game\Gamebryo</Filter>
    </ClInclude>
    <ClInclude Include="internal\Game\Gamebryo\NiDirectionalLight.hpp">
      <Filter>internal\Game\Gamebryo</Filter>
    </ClInclude>
    <ClInclude Include="internal\Game\Gamebryo\NiDX9MaterialManager.hpp">
      <Filter>internal\Game\Gamebryo</Filter>
    </ClInclude>
    <ClInclude Include="internal\Game\Gamebryo\NiDX9Renderer.hpp">
      <Filter>internal\Game\Gamebryo</Filter>
    </ClInclude>
    <ClInclude Include="internal\Game\Gamebryo\NiDX9RenderState.hpp">
      <Filter>internal\Game\Gamebryo</Filter>
    </ClInclude>
    <ClInclude Include="internal\Game\Gamebryo\NiDX9ShaderDeclaration.hpp">
      <Filter>internal\Game\Gamebryo</Filter>
    </ClInclude>
    <ClInclude Include="internal\Game\Gamebryo\NiDX9TextureData.hpp">
      <Filter>internal\Game\Gamebryo</Filter>
    </ClInclude>
    <ClInclude Include="internal\Game\Gamebryo\NiDynamicEffect.hpp">
      <Filter>internal\Game\Gamebryo</Filter>
    </ClInclude>
    <ClInclude Include="internal\Game\Gamebryo\NiDynamicEffectState.hpp">
      <Filter>internal\Game\Gamebryo</Filter>
    </ClInclude>
    <ClInclude Include="internal\Game\Gamebryo\NiExtraData.hpp">
      <Filter>internal\Game\Gamebryo</Filter>
    </ClInclude>
    <ClInclude Include="internal\Game\Gamebryo\NiFile.hpp">
      <Filter>internal\Game\Gamebryo</Filter>
    </ClInclude>
    <ClInclude Include="internal\Game\Gamebryo\NiFixedString.hpp">
      <Filter>internal\Game\Gamebryo</Filter>
    </ClInclude>
    <ClInclude Include="internal\Game\Gamebryo\NiFogProperty.hpp">
      <Filter>internal\Game\Gamebryo</Filter>
    </ClInclude>
    <ClInclude Include="internal\Game\Gamebryo\NiFrustum.hpp">
      <Filter>internal\Game\Gamebryo</Filter>
    </ClInclude>
    <ClInclude Include="internal\Game\Gamebryo\NiFrustumPlanes.hpp">
      <Filter>internal\Game\Gamebryo</Filter>
    </ClInclude>
    <ClInclude Include="internal\Game\Gamebryo\NiGeometry.hpp">
      <Filter>internal\Game\Gamebryo</Filter>
    </ClInclude>
    <ClInclude Include="internal\Game\Gamebryo\NiGeometryBufferData.hpp">
      <Filter>internal\Game\Gamebryo</Filter>
    </ClInclude>
    <ClInclude Include="internal\Game\Gamebryo\NiGeometryData.hpp">
      <Filter>internal\Game\Gamebryo</Filter>
    </ClInclude>
    <ClInclude Include="internal\Game\Gamebryo\NiGeometryGroupManager.hpp">
      <Filter>internal\Game\Gamebryo</Filter>
    </ClInclude>
    <ClInclude Include="internal\Game\Gamebryo\NiGlobalStringTable.hpp">
      <Filter>internal\Game\Gamebryo</Filter>
    </ClInclude>
    <ClInclude Include="internal\Game\Gamebryo\NiGPUProgram.hpp">
      <Filter>internal\Game\Gamebryo</Filter>
    </ClInclude>
    <ClInclude Include="internal\Game\Gamebryo\NiLight.hpp">
      <Filter>internal\Game\Gamebryo</Filter>
    </ClInclude>
    <ClInclude Include="internal\Game\Gamebryo\NiMaterialProperty.hpp">
      <Filter>internal\Game\Gamebryo</Filter>
    </ClInclude>
    <ClInclude Include="internal\Game\Gamebryo\NiMatrix3.hpp">
      <Filter>internal\Game\Gamebryo</Filter>
    </ClInclude>
    <ClInclude Include="internal\Game\Gamebryo\NiMemManager.hpp">
      <Filter>internal\Game\Gamebryo</Filter>
    </ClInclude>
    <ClInclude Include="internal\Game\Gamebryo\NiMemObject.hpp">
      <Filter>internal\Game\Gamebryo</Filter>
    </ClInclude>
    <ClInclude Include="internal\Game\Gamebryo\NiMemory.hpp">
      <Filter>internal\Game\Gamebryo</Filter>
    </ClInclude>
    <ClInclude Include="internal\Game\Gamebryo\NiNode.hpp">
      <Filter>internal\Game\Gamebryo</Filter>
    </ClInclude>
    <ClInclude Include="internal\Game\Gamebryo\NiObject.hpp">
      <Filter>internal\Game\Gamebryo</Filter>
    </ClInclude>
    <ClInclude Include="internal\Game\Gamebryo\NiObjectNET.hpp">
      <Filter>internal\Game\Gamebryo</Filter>
    </ClInclude>
    <ClInclude Include="internal\Game\Gamebryo\NiPalette.hpp">
      <Filter>internal\Game\Gamebryo</Filter>
    </ClInclude>
    <ClInclude Include="internal\Game\Gamebryo\NiPersistentSrcTextureRendererData.hpp">
      <Filter>internal\Game\Gamebryo</Filter>
    </ClInclude>
    <ClInclude Include="internal\Game\Gamebryo\NiPixelData.hpp">
      <Filter>internal\Game\Gamebryo</Filter>
    </ClInclude>
    <ClInclude Include="internal\Game\Gamebryo\NiPixelFormat.hpp">
      <Filter>internal\Game\Gamebryo</Filter>
    </ClInclude>
    <ClInclude Include="internal\Game\Gamebryo\NiPlane.hpp">
      <Filter>internal\Game\Gamebryo</Filter>
    </ClInclude>
    <ClInclude Include="internal\Game\Gamebryo\NiPoint2.hpp">
      <Filter>internal\Game\Gamebryo</Filter>
    </ClInclude>
    <ClInclude Include="internal\Game\Gamebryo\NiPoint3.hpp">
      <Filter>internal\Game\Gamebryo</Filter>
    </ClInclude>
    <ClInclude Include="internal\Game\Gamebryo\NiPoint4.hpp">
      <Filter>internal\Game\Gamebryo</Filter>
    </ClInclude>
    <ClInclude Include="internal\Game\Gamebryo\NiPointLight.hpp">
      <Filter>internal\Game\Gamebryo</Filter>
    </ClInclude>
    <ClInclude Include="internal\Game\Gamebryo\NiProperty.hpp">
      <Filter>internal\Game\Gamebryo</Filter>
    </ClInclude>
    <ClInclude Include="internal\Game\Gamebryo\NiPropertyState.hpp">
      <Filter>internal\Game\Gamebryo</Filter>
    </ClInclude>
    <ClInclude Include="internal\Game\Gamebryo\NiQuaternion.hpp">
      <Filter>internal\Game\Gamebryo</Filter>
    </ClInclude>
    <ClInclude Include="internal\Game\Gamebryo\NiRect.hpp">
      <Filter>internal\Game\Gamebryo</Filter>
    </ClInclude>
    <ClInclude Include="internal\Game\Gamebryo\NiRefObject.hpp">
      <Filter>internal\Game\Gamebryo</Filter>
    </ClInclude>
    <ClInclude Include="internal\Game\Gamebryo\NiRenderedCubeMap.hpp">
      <Filter>internal\Game\Gamebryo</Filter>
    </ClInclude>
    <ClInclude Include="internal\Game\Gamebryo\NiRenderedTexture.hpp">
      <Filter>internal\Game\Gamebryo</Filter>
    </ClInclude>
    <ClInclude Include="internal\Game\Gamebryo\NiRenderer.hpp">
      <Filter>internal\Game\Gamebryo</Filter>
    </ClInclude>
    <ClInclude Include="internal\Game\Gamebryo\NiRenderTargetGroup.hpp">
      <Filter>internal\Game\Gamebryo</Filter>
    </ClInclude>
    <ClInclude Include="internal\Game\Gamebryo\NiRTTI.hpp">
      <Filter>internal\Game\Gamebryo</Filter>
    </ClInclude>
    <ClInclude Include="internal\Game\Gamebryo\NiShadeProperty.hpp">
      <Filter>internal\Game\Gamebryo</Filter>
    </ClInclude>
    <ClInclude Include="internal\Game\Gamebryo\NiShader.hpp">
      <Filter>internal\Game\Gamebryo</Filter>
    </ClInclude>
    <ClInclude Include="internal\Game\Gamebryo\NiShaderAttributeDesc.hpp">
      <Filter>internal\Game\Gamebryo</Filter>
    </ClInclude>
    <ClInclude Include="internal\Game\Gamebryo\NiShaderConstantMap.hpp">
      <Filter>internal\Game\Gamebryo</Filter>
    </ClInclude>
    <ClInclude Include="internal\Game\Gamebryo\NiShaderConstantMapEntry.hpp">
      <Filter>internal\Game\Gamebryo</Filter>
    </ClInclude>
    <ClInclude Include="internal\Game\Gamebryo\NIShaderDeclaration.hpp">
      <Filter>internal\Game\Gamebryo</Filter>
    </ClInclude>
    <ClInclude Include="internal\Game\Gamebryo\NiShaderDescBase.hpp">
      <Filter>internal\Game\Gamebryo</Filter>
    </ClInclude>
    <ClInclude Include="internal\Game\Gamebryo\NiSkinData.hpp">
      <Filter>internal\Game\Gamebryo</Filter>
    </ClInclude>
    <ClInclude Include="internal\Game\Gamebryo\NiSkinInstance.hpp">
      <Filter>internal\Game\Gamebryo</Filter>
    </ClInclude>
    <ClInclude Include="internal\Game\Gamebryo\NiSkinPartition.hpp">
      <Filter>internal\Game\Gamebryo</Filter>
    </ClInclude>
    <ClInclude Include="internal\Game\Gamebryo\NiSmartPointer.hpp">
      <Filter>internal\Game\Gamebryo</Filter>
    </ClInclude>
    <ClInclude Include="internal\Game\Gamebryo\NiSourceCubemap.hpp">
      <Filter>internal\Game\Gamebryo</Filter>
    </ClInclude>
    <ClInclude Include="internal\Game\Gamebryo\NiSourceTexture.hpp">
      <Filter>internal\Game\Gamebryo</Filter>
    </ClInclude>
    <ClInclude Include="internal\Game\Gamebryo\NiSpotLight.hpp">
      <Filter>internal\Game\Gamebryo</Filter>
    </ClInclude>
    <ClInclude Include="internal\Game\Gamebryo\NiStencilProperty.hpp">
      <Filter>internal\Game\Gamebryo</Filter>
    </ClInclude>
    <ClInclude Include="internal\Game\Gamebryo\NiTAbstractPoolAllocator.hpp">
      <Filter>internal\Game\Gamebryo</Filter>
    </ClInclude>
    <ClInclude Include="internal\Game\Gamebryo\NiTArray.hpp">
      <Filter>internal\Game\Gamebryo</Filter>
    </ClInclude>
    <ClInclude Include="internal\Game\Gamebryo\NiTDefaultAllocator.hpp">
      <Filter>internal\Game\Gamebryo</Filter>
    </ClInclude>
    <ClInclude Include="internal\Game\Gamebryo\NiTexture.hpp">
      <Filter>internal\Game\Gamebryo</Filter>
    </ClInclude>
    <ClInclude Include="internal\Game\Gamebryo\NiTexturingProperty.hpp">
      <Filter>internal\Game\Gamebryo</Filter>
    </ClInclude>
    <ClInclude Include="internal\Game\Gamebryo\NiTLargeArray.hpp">
      <Filter>internal\Game\Gamebryo</Filter>
    </ClInclude>
    <ClInclude Include="internal\Game\Gamebryo\NiTList.hpp">
      <Filter>internal\Game\Gamebryo</Filter>
    </ClInclude>
    <ClInclude Include="internal\Game\Gamebryo\NiTListBase.hpp">
      <Filter>internal\Game\Gamebryo</Filter>
    </ClInclude>
    <ClInclude Include="internal\Game\Gamebryo\NiTMallocInterface.hpp">
      <Filter>internal\Game\Gamebryo</Filter>
    </ClInclude>
    <ClInclude Include="internal\Game\Gamebryo\NiTMap.hpp">
      <Filter>internal\Game\Gamebryo</Filter>
    </ClInclude>
    <ClInclude Include="internal\Game\Gamebryo\NiTMapBase.hpp">
      <Filter>internal\Game\Gamebryo</Filter>
    </ClInclude>
    <ClInclude Include="internal\Game\Gamebryo\NiTNewInterface.hpp">
      <Filter>internal\Game\Gamebryo</Filter>
    </ClInclude>
    <ClInclude Include="internal\Game\Gamebryo\NiTPointerAllocator.hpp">
      <Filter>internal\Game\Gamebryo</Filter>
    </ClInclude>
    <ClInclude Include="internal\Game\Gamebryo\NiTPointerList.hpp">
      <Filter>internal\Game\Gamebryo</Filter>
    </ClInclude>
    <ClInclude Include="internal\Game\Gamebryo\NiTPointerListBase.hpp">
      <Filter>internal\Game\Gamebryo</Filter>
    </ClInclude>
    <ClInclude Include="internal\Game\Gamebryo\NiTPointerMap.hpp">
      <Filter>internal\Game\Gamebryo</Filter>
    </ClInclude>
    <ClInclude Include="internal\Game\Gamebryo\NiTransform.hpp">
      <Filter>internal\Game\Gamebryo</Filter>
    </ClInclude>
    <ClInclude Include="internal\Game\Gamebryo\NiTriBasedGeom.hpp">
      <Filter>internal\Game\Gamebryo</Filter>
    </ClInclude>
    <ClInclude Include="internal\Game\Gamebryo\NiTriBasedGeomData.hpp">
      <Filter>internal\Game\Gamebryo</Filter>
    </ClInclude>
    <ClInclude Include="internal\Game\Gamebryo\NiTriShape.hpp">
      <Filter>internal\Game\Gamebryo</Filter>
    </ClInclude>
    <ClInclude Include="internal\Game\Gamebryo\NiTriShapeData.hpp">
      <Filter>internal\Game\Gamebryo</Filter>
    </ClInclude>
    <ClInclude Include="internal\Game\Gamebryo\NiTriStrips.hpp">
      <Filter>internal\Game\Gamebryo</Filter>
    </ClInclude>
    <ClInclude Include="internal\Game\Gamebryo\NiTriStripsData.hpp">
      <Filter>internal\Game\Gamebryo</Filter>
    </ClInclude>
    <ClInclude Include="internal\Game\Gamebryo\NiTriStripsDynamicData.hpp">
      <Filter>internal\Game\Gamebryo</Filter>
    </ClInclude>
    <ClInclude Include="internal\Game\Gamebryo\NiTSet.hpp">
      <Filter>internal\Game\Gamebryo</Filter>
    </ClInclude>
    <ClInclude Include="internal\Game\Gamebryo\NiTStringMap.hpp">
      <Filter>internal\Game\Gamebryo</Filter>
    </ClInclude>
    <ClInclude Include="internal\Game\Gamebryo\NiVBBlock.hpp">
      <Filter>internal\Game\Gamebryo</Filter>
    </ClInclude>
    <ClInclude Include="internal\Game\Gamebryo\NiVBDynamicSet.hpp">
      <Filter>internal\Game\Gamebryo</Filter>
    </ClInclude>
    <ClInclude Include="internal\Game\Gamebryo\NiVBChip.hpp">
      <Filter>internal\Game\Gamebryo</Filter>
    </ClInclude>
    <ClInclude Include="internal\Game\Gamebryo\NiVBSet.hpp">
      <Filter>internal\Game\Gamebryo</Filter>
    </ClInclude>
    <ClInclude Include="internal\Game\Gamebryo\NiVisibleArray.hpp">
      <Filter>internal\Game\Gamebryo</Filter>
    </ClInclude>
    <ClInclude Include="internal\Game\Bethesda\NiUpdateData.hpp">
      <Filter>internal\Game\Bethesda</Filter>
    </ClInclude>
    <ClInclude Include="internal\Game\Bethesda\BSTextureSet.hpp">
      <Filter>internal\Game\Bethesda</Filter>
    </ClInclude>
    <ClInclude Include="internal\Game\Bethesda\BSShaderTextureSet.hpp">
      <Filter>internal\Game\Bethesda</Filter>
    </ClInclude>
    <ClInclude Include="..\shared\Utils\DebugLog.hpp">
      <Filter>shared\Utils</Filter>
    </ClInclude>
    <ClInclude Include="internal\Game\Bethesda\ShadowLightShader.hpp">
      <Filter>internal\Game\Bethesda</Filter>
    </ClInclude>
    <ClInclude Include="internal\Game\Bethesda\SkinShader.hpp">
      <Filter>internal\Game\Bethesda</Filter>
    </ClInclude>
  </ItemGroup>
  <ItemGroup>
    <None Include="packages.config" />
  </ItemGroup>
</Project>